# This file is autogenerated, do not edit; changes may be undone by the next 'dep ensure'.


[[projects]]
  branch = "master"
  name = "github.com/Z88897050/emulateSamples"
  packages = [
    "golang/cases/qiniulog",
    "golang/cases/yamltest",
    "golang/cases/zaplog"
  ]
  revision = "b9f5458917553872ef16ef51cc54603ed8df3a25"

[[projects]]
  name = "github.com/cloudfoundry/gosigar"
  packages = ["."]
  revision = "95cbeda03a6dd5339030585805e928009834e073"
  version = "scotty_09012012"

[[projects]]
  name = "github.com/pkg/errors"
  packages = ["."]
  revision = "645ef00459ed84a119197bfb8d8205042c6df63d"
  version = "v0.8.0"

[[projects]]
  name = "github.com/qiniu/log"
  packages = ["."]
  revision = "891d1cb5f635d169c0afc9f660a7f871bb01bb9c"
  version = "v1.0.00"

[[projects]]
  name = "go.uber.org/atomic"
  packages = ["."]
  revision = "1ea20fb1cbb1cc08cbd0d913a96dead89aa18289"
  version = "v1.3.2"

[[projects]]
  name = "go.uber.org/multierr"
  packages = ["."]
  revision = "3c4937480c32f4c13a875a1829af76c98ca3d40a"
  version = "v1.1.0"

[[projects]]
  name = "go.uber.org/zap"
  packages = [
    ".",
    "buffer",
    "internal/bufferpool",
    "internal/color",
    "internal/exit",
    "zapcore"
  ]
  revision = "ff33455a0e382e8a81d14dd7c922020b6b5e7982"
  version = "v1.9.1"

[[projects]]
  name = "gopkg.in/yaml.v2"
  packages = ["."]
  revision = "5420a8b6744d3b0345ab293f6fcba19c978f1183"
  version = "v2.2.1"

[solve-meta]
  analyzer-name = "dep"
  analyzer-version = 1
  inputs-digest = "513f3b2c316e5314d236cd59da8a4e0f2a196b06a2b40c1062fa7eddd6ccb246"
  solver-name = "gps-cdcl"
  solver-version = 1
