# This file is autogenerated, do not edit; changes may be undone by the next 'dep ensure'.


[[projects]]
  name = "github.com/qiniu/log"
  packages = ["."]
  revision = "891d1cb5f635d169c0afc9f660a7f871bb01bb9c"
  version = "v1.0.00"

[[projects]]
  name = "gopkg.in/yaml.v2"
  packages = ["."]
  revision = "5420a8b6744d3b0345ab293f6fcba19c978f1183"
  version = "v2.2.1"

[solve-meta]
  analyzer-name = "dep"
  analyzer-version = 1
  inputs-digest = "81e51f0266abad67d6a6da38229066a20b51a1e6ba533d553b843b5e11fda781"
  solver-name = "gps-cdcl"
  solver-version = 1
