# This file is autogenerated, do not edit; changes may be undone by the next 'dep ensure'.


[[projects]]
  name = "github.com/cloudfoundry/gosigar"
  packages = ["."]
  revision = "95cbeda03a6dd5339030585805e928009834e073"
  version = "scotty_09012012"

[solve-meta]
  analyzer-name = "dep"
  analyzer-version = 1
  inputs-digest = "a05b696daef68d56f8a10f4bd8a876f0e7bab499f42e0b7ad4e70e16c34c019e"
  solver-name = "gps-cdcl"
  solver-version = 1
